
Microsoft Visual Studio Solution File, Format Version 12.00
# Visual Studio Version 17
VisualStudioVersion = 17.8.34511.84
MinimumVisualStudioVersion = 10.0.40219.1
Project("{FAE04EC0-301F-11D3-BF4B-00C04F79EFBC}") = "SudokuCLI", "SudokuCLI.csproj", "{82CA251A-54AB-4B9A-BED7-0E6CDE12A4E7}"
EndProject
Global
	GlobalSection(SolutionConfigurationPlatforms) = preSolution
		Debug|Any CPU = Debug|Any CPU
		Release|Any CPU = Release|Any CPU
	EndGlobalSection
	GlobalSection(ProjectConfigurationPlatforms) = postSolution
		{82CA251A-54AB-4B9A-BED7-0E6CDE12A4E7}.Debug|Any CPU.ActiveCfg = Debug|Any CPU
		{82CA251A-54AB-4B9A-BED7-0E6CDE12A4E7}.Debug|Any CPU.Build.0 = Debug|Any CPU
		{82CA251A-54AB-4B9A-BED7-0E6CDE12A4E7}.Release|Any CPU.ActiveCfg = Release|Any CPU
		{82CA251A-54AB-4B9A-BED7-0E6CDE12A4E7}.Release|Any CPU.Build.0 = Release|Any CPU
	EndGlobalSection
	GlobalSection(SolutionProperties) = preSolution
		HideSolutionNode = FALSE
	EndGlobalSection
	GlobalSection(ExtensibilityGlobals) = postSolution
		SolutionGuid = {FBD82465-2591-46B0-BB19-8F318144BBF4}
	EndGlobalSection
EndGlobal
