
Microsoft Visual Studio Solution File, Format Version 12.00
# Visual Studio Version 17
VisualStudioVersion = 17.8.34511.84
MinimumVisualStudioVersion = 10.0.40219.1
Project("{9A19103F-16F7-4668-BE54-9A1E7A4F7556}") = "Balaton", "Balaton.csproj", "{22DEC435-8EB0-40A4-880F-4322523EEF00}"
EndProject
Project("{FAE04EC0-301F-11D3-BF4B-00C04F79EFBC}") = "BalatonTests1", "..\BalatonTests1\BalatonTests1.csproj", "{27A30DA8-CFFC-4974-BCA7-31A9DB7CECD8}"
EndProject
Project("{FAE04EC0-301F-11D3-BF4B-00C04F79EFBC}") = "BalatonWpf", "..\BalatonWpf\BalatonWpf.csproj", "{7D5B5AB2-0387-4BBF-B402-359BA8A821B0}"
EndProject
Global
	GlobalSection(SolutionConfigurationPlatforms) = preSolution
		Debug|Any CPU = Debug|Any CPU
		Release|Any CPU = Release|Any CPU
	EndGlobalSection
	GlobalSection(ProjectConfigurationPlatforms) = postSolution
		{22DEC435-8EB0-40A4-880F-4322523EEF00}.Debug|Any CPU.ActiveCfg = Debug|Any CPU
		{22DEC435-8EB0-40A4-880F-4322523EEF00}.Debug|Any CPU.Build.0 = Debug|Any CPU
		{22DEC435-8EB0-40A4-880F-4322523EEF00}.Release|Any CPU.ActiveCfg = Release|Any CPU
		{22DEC435-8EB0-40A4-880F-4322523EEF00}.Release|Any CPU.Build.0 = Release|Any CPU
		{27A30DA8-CFFC-4974-BCA7-31A9DB7CECD8}.Debug|Any CPU.ActiveCfg = Debug|Any CPU
		{27A30DA8-CFFC-4974-BCA7-31A9DB7CECD8}.Debug|Any CPU.Build.0 = Debug|Any CPU
		{27A30DA8-CFFC-4974-BCA7-31A9DB7CECD8}.Release|Any CPU.ActiveCfg = Release|Any CPU
		{27A30DA8-CFFC-4974-BCA7-31A9DB7CECD8}.Release|Any CPU.Build.0 = Release|Any CPU
		{7D5B5AB2-0387-4BBF-B402-359BA8A821B0}.Debug|Any CPU.ActiveCfg = Debug|Any CPU
		{7D5B5AB2-0387-4BBF-B402-359BA8A821B0}.Debug|Any CPU.Build.0 = Debug|Any CPU
		{7D5B5AB2-0387-4BBF-B402-359BA8A821B0}.Release|Any CPU.ActiveCfg = Release|Any CPU
		{7D5B5AB2-0387-4BBF-B402-359BA8A821B0}.Release|Any CPU.Build.0 = Release|Any CPU
	EndGlobalSection
	GlobalSection(SolutionProperties) = preSolution
		HideSolutionNode = FALSE
	EndGlobalSection
	GlobalSection(ExtensibilityGlobals) = postSolution
		SolutionGuid = {69E7DAE1-9E7F-42D5-A432-66A5BFE803F2}
	EndGlobalSection
EndGlobal
