
Microsoft Visual Studio Solution File, Format Version 12.00
# Visual Studio Version 17
VisualStudioVersion = 17.8.34511.84
MinimumVisualStudioVersion = 10.0.40219.1
Project("{FAE04EC0-301F-11D3-BF4B-00C04F79EFBC}") = "wpf_alapok", "wpf_alapok.csproj", "{4FD2AE39-A17A-42DF-B975-9D0A2D493ADB}"
EndProject
Global
	GlobalSection(SolutionConfigurationPlatforms) = preSolution
		Debug|Any CPU = Debug|Any CPU
		Release|Any CPU = Release|Any CPU
	EndGlobalSection
	GlobalSection(ProjectConfigurationPlatforms) = postSolution
		{4FD2AE39-A17A-42DF-B975-9D0A2D493ADB}.Debug|Any CPU.ActiveCfg = Debug|Any CPU
		{4FD2AE39-A17A-42DF-B975-9D0A2D493ADB}.Debug|Any CPU.Build.0 = Debug|Any CPU
		{4FD2AE39-A17A-42DF-B975-9D0A2D493ADB}.Release|Any CPU.ActiveCfg = Release|Any CPU
		{4FD2AE39-A17A-42DF-B975-9D0A2D493ADB}.Release|Any CPU.Build.0 = Release|Any CPU
	EndGlobalSection
	GlobalSection(SolutionProperties) = preSolution
		HideSolutionNode = FALSE
	EndGlobalSection
	GlobalSection(ExtensibilityGlobals) = postSolution
		SolutionGuid = {2F39E227-C3EB-4A4B-AB40-F023D498EF2D}
	EndGlobalSection
EndGlobal
