
Microsoft Visual Studio Solution File, Format Version 12.00
# Visual Studio Version 17
VisualStudioVersion = 17.7.34031.279
MinimumVisualStudioVersion = 10.0.40219.1
Project("{FAE04EC0-301F-11D3-BF4B-00C04F79EFBC}") = "gyakorlas1205", "gyakorlas1205.csproj", "{2E85E7A0-FA86-481E-822C-1C5612C8D809}"
EndProject
Project("{FAE04EC0-301F-11D3-BF4B-00C04F79EFBC}") = "gyakorlas1205Tests", "..\gyakorlas1205Tests\gyakorlas1205Tests.csproj", "{3914C915-D401-4E1C-B1D7-E41BEC29A658}"
EndProject
Global
	GlobalSection(SolutionConfigurationPlatforms) = preSolution
		Debug|Any CPU = Debug|Any CPU
		Release|Any CPU = Release|Any CPU
	EndGlobalSection
	GlobalSection(ProjectConfigurationPlatforms) = postSolution
		{2E85E7A0-FA86-481E-822C-1C5612C8D809}.Debug|Any CPU.ActiveCfg = Debug|Any CPU
		{2E85E7A0-FA86-481E-822C-1C5612C8D809}.Debug|Any CPU.Build.0 = Debug|Any CPU
		{2E85E7A0-FA86-481E-822C-1C5612C8D809}.Release|Any CPU.ActiveCfg = Release|Any CPU
		{2E85E7A0-FA86-481E-822C-1C5612C8D809}.Release|Any CPU.Build.0 = Release|Any CPU
		{3914C915-D401-4E1C-B1D7-E41BEC29A658}.Debug|Any CPU.ActiveCfg = Debug|Any CPU
		{3914C915-D401-4E1C-B1D7-E41BEC29A658}.Debug|Any CPU.Build.0 = Debug|Any CPU
		{3914C915-D401-4E1C-B1D7-E41BEC29A658}.Release|Any CPU.ActiveCfg = Release|Any CPU
		{3914C915-D401-4E1C-B1D7-E41BEC29A658}.Release|Any CPU.Build.0 = Release|Any CPU
	EndGlobalSection
	GlobalSection(SolutionProperties) = preSolution
		HideSolutionNode = FALSE
	EndGlobalSection
	GlobalSection(ExtensibilityGlobals) = postSolution
		SolutionGuid = {54C64CDB-B679-4DD1-B454-5DDD198776BB}
	EndGlobalSection
EndGlobal
